
Microsoft Visual Studio Solution File, Format Version 12.00
# Visual Studio Version 17
VisualStudioVersion = 17.7.34221.43
MinimumVisualStudioVersion = 10.0.40219.1
Project("{2150E333-8FDC-42A3-9474-1A3956D46DE8}") = "Common", "Common", "{EC9F80CD-D3D2-4DE4-8CDD-346635962F0E}"
EndProject
Project("{9A19103F-16F7-4668-BE54-9A1E7A4F7556}") = "Sha.Common", "Common\Sha.Common\Sha.Common.csproj", "{5157CF8F-7C03-4F09-90E9-3044CEDB72C0}"
EndProject
Project("{9A19103F-16F7-4668-BE54-9A1E7A4F7556}") = "Sha.Framework", "Common\Sha.Framework\Sha.Framework.csproj", "{0D87DA71-064E-4CA3-BEDE-94CA5EFB7CEA}"
EndProject
Project("{9A19103F-16F7-4668-BE54-9A1E7A4F7556}") = "Sha.Business", "Common\Sha.Business\Sha.Business.csproj", "{F4D0A981-C6C7-49EA-A541-E5564EAB6E39}"
EndProject
Project("{2150E333-8FDC-42A3-9474-1A3956D46DE8}") = "Base", "Base", "{26BFDC10-1DF8-4B12-9B45-DB4B874E9641}"
EndProject
Project("{9A19103F-16F7-4668-BE54-9A1E7A4F7556}") = "Sha.BaseService.Model", "Base\Sha.BaseService.Model\Sha.BaseService.Model.csproj", "{DC637CD8-DF84-4C5B-A354-8B71BC4E99CE}"
EndProject
Project("{9A19103F-16F7-4668-BE54-9A1E7A4F7556}") = "Sha.BaseService.Dal", "Base\Sha.BaseService.Dal\Sha.BaseService.Dal.csproj", "{D125C26C-92D3-452B-90D4-0F6A4F3E2244}"
EndProject
Project("{9A19103F-16F7-4668-BE54-9A1E7A4F7556}") = "Sha.BaseService.Bll", "Base\Sha.BaseService.Bll\Sha.BaseService.Bll.csproj", "{2A0FD172-8280-49B2-B999-C311C09CFDA2}"
EndProject
Project("{9A19103F-16F7-4668-BE54-9A1E7A4F7556}") = "Sha.BaseService.ApiBehand", "Base\Sha.BaseService.ApiBehand\Sha.BaseService.ApiBehand.csproj", "{F29D284D-7948-45F6-A98A-610EF93463FD}"
EndProject
Project("{2150E333-8FDC-42A3-9474-1A3956D46DE8}") = "User", "User", "{C9A48314-9BC8-463F-AFB2-DDA0BE8A9A6E}"
EndProject
Project("{9A19103F-16F7-4668-BE54-9A1E7A4F7556}") = "Sha.UserService.Model", "User\Sha.UserService.Model\Sha.UserService.Model.csproj", "{43DF406A-6AF0-4E2B-9215-2B0BCBA88F1B}"
EndProject
Project("{9A19103F-16F7-4668-BE54-9A1E7A4F7556}") = "Sha.UserService.Dal", "User\Sha.UserService.Dal\Sha.UserService.Dal.csproj", "{75459818-44ED-450A-A233-2F5BC2E34EC1}"
EndProject
Project("{9A19103F-16F7-4668-BE54-9A1E7A4F7556}") = "Sha.UserService.Bll", "User\Sha.UserService.Bll\Sha.UserService.Bll.csproj", "{892922D9-B4C8-490B-B5AE-9DB10A944FB4}"
EndProject
Project("{9A19103F-16F7-4668-BE54-9A1E7A4F7556}") = "Sha.UserService.ApiBehand", "User\Sha.UserService.ApiBehand\Sha.UserService.ApiBehand.csproj", "{AF115BD4-F237-46D4-9D69-6BE85EAF5B8B}"
EndProject
Project("{9A19103F-16F7-4668-BE54-9A1E7A4F7556}") = "Sha.UserService.Api", "User\Sha.UserService.Api\Sha.UserService.Api.csproj", "{E4E41B0B-E062-4DF1-B117-144F821AF4A0}"
EndProject
Project("{2150E333-8FDC-42A3-9474-1A3956D46DE8}") = "Identity", "Identity", "{17280F7A-CB95-4357-9960-1142A64928F3}"
EndProject
Project("{2150E333-8FDC-42A3-9474-1A3956D46DE8}") = "Gateway", "Gateway", "{54F19A1B-61A9-4515-A85E-2CF68075FAA5}"
EndProject
Project("{9A19103F-16F7-4668-BE54-9A1E7A4F7556}") = "Sha.Gateway", "Gateway\Sha.Gateway\Sha.Gateway.csproj", "{C967C0DC-8887-418B-AE17-8B3133011F2D}"
EndProject
Project("{9A19103F-16F7-4668-BE54-9A1E7A4F7556}") = "Sha.Identity", "Identity\Sha.Identity\Sha.Identity.csproj", "{EFBDB0AF-4DFD-4C9D-9978-D0C204A8C225}"
EndProject
Project("{9A19103F-16F7-4668-BE54-9A1E7A4F7556}") = "Sha.BaseService.Api", "Base\Sha.BaseService.Api\Sha.BaseService.Api.csproj", "{B31B4E19-5A8C-40BD-A025-E8AD4C80EAF9}"
EndProject
Global
	GlobalSection(SolutionConfigurationPlatforms) = preSolution
		Debug|Any CPU = Debug|Any CPU
		Release|Any CPU = Release|Any CPU
	EndGlobalSection
	GlobalSection(ProjectConfigurationPlatforms) = postSolution
		{5157CF8F-7C03-4F09-90E9-3044CEDB72C0}.Debug|Any CPU.ActiveCfg = Debug|Any CPU
		{5157CF8F-7C03-4F09-90E9-3044CEDB72C0}.Debug|Any CPU.Build.0 = Debug|Any CPU
		{5157CF8F-7C03-4F09-90E9-3044CEDB72C0}.Release|Any CPU.ActiveCfg = Release|Any CPU
		{5157CF8F-7C03-4F09-90E9-3044CEDB72C0}.Release|Any CPU.Build.0 = Release|Any CPU
		{0D87DA71-064E-4CA3-BEDE-94CA5EFB7CEA}.Debug|Any CPU.ActiveCfg = Debug|Any CPU
		{0D87DA71-064E-4CA3-BEDE-94CA5EFB7CEA}.Debug|Any CPU.Build.0 = Debug|Any CPU
		{0D87DA71-064E-4CA3-BEDE-94CA5EFB7CEA}.Release|Any CPU.ActiveCfg = Release|Any CPU
		{0D87DA71-064E-4CA3-BEDE-94CA5EFB7CEA}.Release|Any CPU.Build.0 = Release|Any CPU
		{F4D0A981-C6C7-49EA-A541-E5564EAB6E39}.Debug|Any CPU.ActiveCfg = Debug|Any CPU
		{F4D0A981-C6C7-49EA-A541-E5564EAB6E39}.Debug|Any CPU.Build.0 = Debug|Any CPU
		{F4D0A981-C6C7-49EA-A541-E5564EAB6E39}.Release|Any CPU.ActiveCfg = Release|Any CPU
		{F4D0A981-C6C7-49EA-A541-E5564EAB6E39}.Release|Any CPU.Build.0 = Release|Any CPU
		{DC637CD8-DF84-4C5B-A354-8B71BC4E99CE}.Debug|Any CPU.ActiveCfg = Debug|Any CPU
		{DC637CD8-DF84-4C5B-A354-8B71BC4E99CE}.Debug|Any CPU.Build.0 = Debug|Any CPU
		{DC637CD8-DF84-4C5B-A354-8B71BC4E99CE}.Release|Any CPU.ActiveCfg = Release|Any CPU
		{DC637CD8-DF84-4C5B-A354-8B71BC4E99CE}.Release|Any CPU.Build.0 = Release|Any CPU
		{D125C26C-92D3-452B-90D4-0F6A4F3E2244}.Debug|Any CPU.ActiveCfg = Debug|Any CPU
		{D125C26C-92D3-452B-90D4-0F6A4F3E2244}.Debug|Any CPU.Build.0 = Debug|Any CPU
		{D125C26C-92D3-452B-90D4-0F6A4F3E2244}.Release|Any CPU.ActiveCfg = Release|Any CPU
		{D125C26C-92D3-452B-90D4-0F6A4F3E2244}.Release|Any CPU.Build.0 = Release|Any CPU
		{2A0FD172-8280-49B2-B999-C311C09CFDA2}.Debug|Any CPU.ActiveCfg = Debug|Any CPU
		{2A0FD172-8280-49B2-B999-C311C09CFDA2}.Debug|Any CPU.Build.0 = Debug|Any CPU
		{2A0FD172-8280-49B2-B999-C311C09CFDA2}.Release|Any CPU.ActiveCfg = Release|Any CPU
		{2A0FD172-8280-49B2-B999-C311C09CFDA2}.Release|Any CPU.Build.0 = Release|Any CPU
		{F29D284D-7948-45F6-A98A-610EF93463FD}.Debug|Any CPU.ActiveCfg = Debug|Any CPU
		{F29D284D-7948-45F6-A98A-610EF93463FD}.Debug|Any CPU.Build.0 = Debug|Any CPU
		{F29D284D-7948-45F6-A98A-610EF93463FD}.Release|Any CPU.ActiveCfg = Release|Any CPU
		{F29D284D-7948-45F6-A98A-610EF93463FD}.Release|Any CPU.Build.0 = Release|Any CPU
		{43DF406A-6AF0-4E2B-9215-2B0BCBA88F1B}.Debug|Any CPU.ActiveCfg = Debug|Any CPU
		{43DF406A-6AF0-4E2B-9215-2B0BCBA88F1B}.Debug|Any CPU.Build.0 = Debug|Any CPU
		{43DF406A-6AF0-4E2B-9215-2B0BCBA88F1B}.Release|Any CPU.ActiveCfg = Release|Any CPU
		{43DF406A-6AF0-4E2B-9215-2B0BCBA88F1B}.Release|Any CPU.Build.0 = Release|Any CPU
		{75459818-44ED-450A-A233-2F5BC2E34EC1}.Debug|Any CPU.ActiveCfg = Debug|Any CPU
		{75459818-44ED-450A-A233-2F5BC2E34EC1}.Debug|Any CPU.Build.0 = Debug|Any CPU
		{75459818-44ED-450A-A233-2F5BC2E34EC1}.Release|Any CPU.ActiveCfg = Release|Any CPU
		{75459818-44ED-450A-A233-2F5BC2E34EC1}.Release|Any CPU.Build.0 = Release|Any CPU
		{892922D9-B4C8-490B-B5AE-9DB10A944FB4}.Debug|Any CPU.ActiveCfg = Debug|Any CPU
		{892922D9-B4C8-490B-B5AE-9DB10A944FB4}.Debug|Any CPU.Build.0 = Debug|Any CPU
		{892922D9-B4C8-490B-B5AE-9DB10A944FB4}.Release|Any CPU.ActiveCfg = Release|Any CPU
		{892922D9-B4C8-490B-B5AE-9DB10A944FB4}.Release|Any CPU.Build.0 = Release|Any CPU
		{AF115BD4-F237-46D4-9D69-6BE85EAF5B8B}.Debug|Any CPU.ActiveCfg = Debug|Any CPU
		{AF115BD4-F237-46D4-9D69-6BE85EAF5B8B}.Debug|Any CPU.Build.0 = Debug|Any CPU
		{AF115BD4-F237-46D4-9D69-6BE85EAF5B8B}.Release|Any CPU.ActiveCfg = Release|Any CPU
		{AF115BD4-F237-46D4-9D69-6BE85EAF5B8B}.Release|Any CPU.Build.0 = Release|Any CPU
		{E4E41B0B-E062-4DF1-B117-144F821AF4A0}.Debug|Any CPU.ActiveCfg = Debug|Any CPU
		{E4E41B0B-E062-4DF1-B117-144F821AF4A0}.Debug|Any CPU.Build.0 = Debug|Any CPU
		{E4E41B0B-E062-4DF1-B117-144F821AF4A0}.Release|Any CPU.ActiveCfg = Release|Any CPU
		{E4E41B0B-E062-4DF1-B117-144F821AF4A0}.Release|Any CPU.Build.0 = Release|Any CPU
		{C967C0DC-8887-418B-AE17-8B3133011F2D}.Debug|Any CPU.ActiveCfg = Debug|Any CPU
		{C967C0DC-8887-418B-AE17-8B3133011F2D}.Debug|Any CPU.Build.0 = Debug|Any CPU
		{C967C0DC-8887-418B-AE17-8B3133011F2D}.Release|Any CPU.ActiveCfg = Release|Any CPU
		{C967C0DC-8887-418B-AE17-8B3133011F2D}.Release|Any CPU.Build.0 = Release|Any CPU
		{EFBDB0AF-4DFD-4C9D-9978-D0C204A8C225}.Debug|Any CPU.ActiveCfg = Debug|Any CPU
		{EFBDB0AF-4DFD-4C9D-9978-D0C204A8C225}.Debug|Any CPU.Build.0 = Debug|Any CPU
		{EFBDB0AF-4DFD-4C9D-9978-D0C204A8C225}.Release|Any CPU.ActiveCfg = Release|Any CPU
		{EFBDB0AF-4DFD-4C9D-9978-D0C204A8C225}.Release|Any CPU.Build.0 = Release|Any CPU
		{B31B4E19-5A8C-40BD-A025-E8AD4C80EAF9}.Debug|Any CPU.ActiveCfg = Debug|Any CPU
		{B31B4E19-5A8C-40BD-A025-E8AD4C80EAF9}.Debug|Any CPU.Build.0 = Debug|Any CPU
		{B31B4E19-5A8C-40BD-A025-E8AD4C80EAF9}.Release|Any CPU.ActiveCfg = Release|Any CPU
		{B31B4E19-5A8C-40BD-A025-E8AD4C80EAF9}.Release|Any CPU.Build.0 = Release|Any CPU
	EndGlobalSection
	GlobalSection(SolutionProperties) = preSolution
		HideSolutionNode = FALSE
	EndGlobalSection
	GlobalSection(NestedProjects) = preSolution
		{5157CF8F-7C03-4F09-90E9-3044CEDB72C0} = {EC9F80CD-D3D2-4DE4-8CDD-346635962F0E}
		{0D87DA71-064E-4CA3-BEDE-94CA5EFB7CEA} = {EC9F80CD-D3D2-4DE4-8CDD-346635962F0E}
		{F4D0A981-C6C7-49EA-A541-E5564EAB6E39} = {EC9F80CD-D3D2-4DE4-8CDD-346635962F0E}
		{DC637CD8-DF84-4C5B-A354-8B71BC4E99CE} = {26BFDC10-1DF8-4B12-9B45-DB4B874E9641}
		{D125C26C-92D3-452B-90D4-0F6A4F3E2244} = {26BFDC10-1DF8-4B12-9B45-DB4B874E9641}
		{2A0FD172-8280-49B2-B999-C311C09CFDA2} = {26BFDC10-1DF8-4B12-9B45-DB4B874E9641}
		{F29D284D-7948-45F6-A98A-610EF93463FD} = {26BFDC10-1DF8-4B12-9B45-DB4B874E9641}
		{43DF406A-6AF0-4E2B-9215-2B0BCBA88F1B} = {C9A48314-9BC8-463F-AFB2-DDA0BE8A9A6E}
		{75459818-44ED-450A-A233-2F5BC2E34EC1} = {C9A48314-9BC8-463F-AFB2-DDA0BE8A9A6E}
		{892922D9-B4C8-490B-B5AE-9DB10A944FB4} = {C9A48314-9BC8-463F-AFB2-DDA0BE8A9A6E}
		{AF115BD4-F237-46D4-9D69-6BE85EAF5B8B} = {C9A48314-9BC8-463F-AFB2-DDA0BE8A9A6E}
		{E4E41B0B-E062-4DF1-B117-144F821AF4A0} = {C9A48314-9BC8-463F-AFB2-DDA0BE8A9A6E}
		{C967C0DC-8887-418B-AE17-8B3133011F2D} = {54F19A1B-61A9-4515-A85E-2CF68075FAA5}
		{EFBDB0AF-4DFD-4C9D-9978-D0C204A8C225} = {17280F7A-CB95-4357-9960-1142A64928F3}
		{B31B4E19-5A8C-40BD-A025-E8AD4C80EAF9} = {26BFDC10-1DF8-4B12-9B45-DB4B874E9641}
	EndGlobalSection
	GlobalSection(ExtensibilityGlobals) = postSolution
		SolutionGuid = {C763F686-314D-4740-AEC5-77C2F26FE7FD}
	EndGlobalSection
EndGlobal
